
Microsoft Visual Studio Solution File, Format Version 12.00
# Visual Studio 15
VisualStudioVersion = 15.0.28307.421
MinimumVisualStudioVersion = 10.0.40219.1
Project("{9A19103F-16F7-4668-BE54-9A1E7A4F7556}") = "BasicCrossPlatform", "BasicCrossPlatform.csproj", "{F188160D-D996-446E-85EC-54055E072DB0}"
EndProject
Project("{9A19103F-16F7-4668-BE54-9A1E7A4F7556}") = "Chromely.Core", "..\..\Chromely\src\Chromely.Core\Chromely.Core.csproj", "{EA703E36-3061-4F2A-AA95-4637D67C698B}"
EndProject
Project("{9A19103F-16F7-4668-BE54-9A1E7A4F7556}") = "Chromely.CefGlue", "..\..\Chromely\src\Chromely.CefGlue\Chromely.CefGlue.csproj", "{C1F74579-A591-44E5-AD4E-2E19651C8CF1}"
EndProject
Project("{9A19103F-16F7-4668-BE54-9A1E7A4F7556}") = "Chromely.CefGlue.Loader", "..\..\Chromely\src\Chromely.CefGlue.Loader\Chromely.CefGlue.Loader.csproj", "{DF7D1881-C0E0-4244-9901-EC58C9FFA423}"
EndProject
Global
	GlobalSection(SolutionConfigurationPlatforms) = preSolution
		Debug|Any CPU = Debug|Any CPU
		Release|Any CPU = Release|Any CPU
	EndGlobalSection
	GlobalSection(ProjectConfigurationPlatforms) = postSolution
		{F188160D-D996-446E-85EC-54055E072DB0}.Debug|Any CPU.ActiveCfg = Debug|Any CPU
		{F188160D-D996-446E-85EC-54055E072DB0}.Debug|Any CPU.Build.0 = Debug|Any CPU
		{F188160D-D996-446E-85EC-54055E072DB0}.Release|Any CPU.ActiveCfg = Release|Any CPU
		{F188160D-D996-446E-85EC-54055E072DB0}.Release|Any CPU.Build.0 = Release|Any CPU
		{EA703E36-3061-4F2A-AA95-4637D67C698B}.Debug|Any CPU.ActiveCfg = Debug|Any CPU
		{EA703E36-3061-4F2A-AA95-4637D67C698B}.Debug|Any CPU.Build.0 = Debug|Any CPU
		{EA703E36-3061-4F2A-AA95-4637D67C698B}.Release|Any CPU.ActiveCfg = Release|Any CPU
		{EA703E36-3061-4F2A-AA95-4637D67C698B}.Release|Any CPU.Build.0 = Release|Any CPU
		{C1F74579-A591-44E5-AD4E-2E19651C8CF1}.Debug|Any CPU.ActiveCfg = Debug|Any CPU
		{C1F74579-A591-44E5-AD4E-2E19651C8CF1}.Debug|Any CPU.Build.0 = Debug|Any CPU
		{C1F74579-A591-44E5-AD4E-2E19651C8CF1}.Release|Any CPU.ActiveCfg = Release|Any CPU
		{C1F74579-A591-44E5-AD4E-2E19651C8CF1}.Release|Any CPU.Build.0 = Release|Any CPU
		{DF7D1881-C0E0-4244-9901-EC58C9FFA423}.Debug|Any CPU.ActiveCfg = Debug|Any CPU
		{DF7D1881-C0E0-4244-9901-EC58C9FFA423}.Debug|Any CPU.Build.0 = Debug|Any CPU
		{DF7D1881-C0E0-4244-9901-EC58C9FFA423}.Release|Any CPU.ActiveCfg = Release|Any CPU
		{DF7D1881-C0E0-4244-9901-EC58C9FFA423}.Release|Any CPU.Build.0 = Release|Any CPU
	EndGlobalSection
	GlobalSection(SolutionProperties) = preSolution
		HideSolutionNode = FALSE
	EndGlobalSection
	GlobalSection(ExtensibilityGlobals) = postSolution
		SolutionGuid = {CFEFB187-A82A-4977-BBB6-45C76EC4E90C}
	EndGlobalSection
EndGlobal
