
Microsoft Visual Studio Solution File, Format Version 12.00
Project("{FAE04EC0-301F-11D3-BF4B-00C04F79EFBC}") = "BasicCrossPlatform", "BasicCrossPlatform.csproj", "{F188160D-D996-446E-85EC-54055E072DB0}"
EndProject
Global
	GlobalSection(SolutionConfigurationPlatforms) = preSolution
		Debug|Any CPU = Debug|Any CPU
		Release|Any CPU = Release|Any CPU
	EndGlobalSection
	GlobalSection(ProjectConfigurationPlatforms) = postSolution
		{F188160D-D996-446E-85EC-54055E072DB0}.Debug|Any CPU.ActiveCfg = Debug|Any CPU
		{F188160D-D996-446E-85EC-54055E072DB0}.Debug|Any CPU.Build.0 = Debug|Any CPU
		{F188160D-D996-446E-85EC-54055E072DB0}.Release|Any CPU.ActiveCfg = Release|Any CPU
		{F188160D-D996-446E-85EC-54055E072DB0}.Release|Any CPU.Build.0 = Release|Any CPU
	EndGlobalSection
EndGlobal
